
Microsoft Visual Studio Solution File, Format Version 12.00
# Visual Studio Version 17
VisualStudioVersion = 17.0.32112.339
MinimumVisualStudioVersion = 10.0.40219.1
Project("{FAE04EC0-301F-11D3-BF4B-00C04F79EFBC}") = "Exam2_S22", "Exam2_S22\Exam2_S22.csproj", "{3A044A70-5A99-4C68-B2AC-5C60B4B791E2}"
EndProject
Global
	GlobalSection(SolutionConfigurationPlatforms) = preSolution
		Debug|Any CPU = Debug|Any CPU
		Release|Any CPU = Release|Any CPU
	EndGlobalSection
	GlobalSection(ProjectConfigurationPlatforms) = postSolution
		{3A044A70-5A99-4C68-B2AC-5C60B4B791E2}.Debug|Any CPU.ActiveCfg = Debug|Any CPU
		{3A044A70-5A99-4C68-B2AC-5C60B4B791E2}.Debug|Any CPU.Build.0 = Debug|Any CPU
		{3A044A70-5A99-4C68-B2AC-5C60B4B791E2}.Release|Any CPU.ActiveCfg = Release|Any CPU
		{3A044A70-5A99-4C68-B2AC-5C60B4B791E2}.Release|Any CPU.Build.0 = Release|Any CPU
	EndGlobalSection
	GlobalSection(SolutionProperties) = preSolution
		HideSolutionNode = FALSE
	EndGlobalSection
	GlobalSection(ExtensibilityGlobals) = postSolution
		SolutionGuid = {3533057B-5DD6-4AA5-BBC2-7E934CE026D0}
	EndGlobalSection
EndGlobal
